
Microsoft Visual Studio Solution File, Format Version 12.00
# Visual Studio Version 17
VisualStudioVersion = 17.0.31903.59
MinimumVisualStudioVersion = 10.0.40219.1
Project("{2150E333-8FDC-42A3-9474-1A3956D46DE8}") = "src", "src", "{1963A07B-0617-46BD-938B-21F7F5878920}"
EndProject
Project("{FAE04EC0-301F-11D3-BF4B-00C04F79EFBC}") = "Richman.Client", "src\Richman.Client\Richman.Client.csproj", "{32CF0760-1C84-4139-831B-04D567689A14}"
EndProject
Global
	GlobalSection(SolutionConfigurationPlatforms) = preSolution
		Debug|Any CPU = Debug|Any CPU
		Release|Any CPU = Release|Any CPU
	EndGlobalSection
	GlobalSection(SolutionProperties) = preSolution
		HideSolutionNode = FALSE
	EndGlobalSection
	GlobalSection(ProjectConfigurationPlatforms) = postSolution
		{32CF0760-1C84-4139-831B-04D567689A14}.Debug|Any CPU.ActiveCfg = Debug|Any CPU
		{32CF0760-1C84-4139-831B-04D567689A14}.Debug|Any CPU.Build.0 = Debug|Any CPU
		{32CF0760-1C84-4139-831B-04D567689A14}.Release|Any CPU.ActiveCfg = Release|Any CPU
		{32CF0760-1C84-4139-831B-04D567689A14}.Release|Any CPU.Build.0 = Release|Any CPU
	EndGlobalSection
	GlobalSection(NestedProjects) = preSolution
		{32CF0760-1C84-4139-831B-04D567689A14} = {1963A07B-0617-46BD-938B-21F7F5878920}
	EndGlobalSection
EndGlobal
